
Microsoft Visual Studio Solution File, Format Version 12.00
# Visual Studio Version 17
VisualStudioVersion = 17.8.34511.84
MinimumVisualStudioVersion = 10.0.40219.1
Project("{FAE04EC0-301F-11D3-BF4B-00C04F79EFBC}") = "c sharp-esercizio-giorno-4", "c sharp-esercizio-giorno-4\c sharp-esercizio-giorno-4.csproj", "{C42C7346-D163-4BD9-85BC-8581D7CDA61C}"
EndProject
Global
	GlobalSection(SolutionConfigurationPlatforms) = preSolution
		Debug|Any CPU = Debug|Any CPU
		Release|Any CPU = Release|Any CPU
	EndGlobalSection
	GlobalSection(ProjectConfigurationPlatforms) = postSolution
		{C42C7346-D163-4BD9-85BC-8581D7CDA61C}.Debug|Any CPU.ActiveCfg = Debug|Any CPU
		{C42C7346-D163-4BD9-85BC-8581D7CDA61C}.Debug|Any CPU.Build.0 = Debug|Any CPU
		{C42C7346-D163-4BD9-85BC-8581D7CDA61C}.Release|Any CPU.ActiveCfg = Release|Any CPU
		{C42C7346-D163-4BD9-85BC-8581D7CDA61C}.Release|Any CPU.Build.0 = Release|Any CPU
	EndGlobalSection
	GlobalSection(SolutionProperties) = preSolution
		HideSolutionNode = FALSE
	EndGlobalSection
	GlobalSection(ExtensibilityGlobals) = postSolution
		SolutionGuid = {A9ACF0C1-2230-45D2-9473-55BEE515B72E}
	EndGlobalSection
EndGlobal
